
Microsoft Visual Studio Solution File, Format Version 12.00
# Visual Studio 14
VisualStudioVersion = 14.0.25420.1
MinimumVisualStudioVersion = 10.0.40219.1
Project("{FAE04EC0-301F-11D3-BF4B-00C04F79EFBC}") = "ResponsiPemrograman21.11.4276", "ResponsiPemrograman21.11.4276.csproj", "{EA804F58-60E5-40D2-A65A-3BB58EF0AA3E}"
EndProject
Global
	GlobalSection(SolutionConfigurationPlatforms) = preSolution
		Debug|Any CPU = Debug|Any CPU
		Release|Any CPU = Release|Any CPU
	EndGlobalSection
	GlobalSection(ProjectConfigurationPlatforms) = postSolution
		{EA804F58-60E5-40D2-A65A-3BB58EF0AA3E}.Debug|Any CPU.ActiveCfg = Debug|Any CPU
		{EA804F58-60E5-40D2-A65A-3BB58EF0AA3E}.Debug|Any CPU.Build.0 = Debug|Any CPU
		{EA804F58-60E5-40D2-A65A-3BB58EF0AA3E}.Release|Any CPU.ActiveCfg = Release|Any CPU
		{EA804F58-60E5-40D2-A65A-3BB58EF0AA3E}.Release|Any CPU.Build.0 = Release|Any CPU
	EndGlobalSection
	GlobalSection(SolutionProperties) = preSolution
		HideSolutionNode = FALSE
	EndGlobalSection
EndGlobal
